
Microsoft Visual Studio Solution File, Format Version 12.00
# Visual Studio Version 16
VisualStudioVersion = 16.0.29709.97
MinimumVisualStudioVersion = 10.0.40219.1
Project("{FAE04EC0-301F-11D3-BF4B-00C04F79EFBC}") = "ChangeEvent", "ChangeEvent\ChangeEvent.csproj", "{EC8B8720-B611-4E69-848E-6E0E6D55BE03}"
EndProject
Global
	GlobalSection(SolutionConfigurationPlatforms) = preSolution
		Debug|Any CPU = Debug|Any CPU
		Release|Any CPU = Release|Any CPU
	EndGlobalSection
	GlobalSection(ProjectConfigurationPlatforms) = postSolution
		{EC8B8720-B611-4E69-848E-6E0E6D55BE03}.Debug|Any CPU.ActiveCfg = Debug|Any CPU
		{EC8B8720-B611-4E69-848E-6E0E6D55BE03}.Debug|Any CPU.Build.0 = Debug|Any CPU
		{EC8B8720-B611-4E69-848E-6E0E6D55BE03}.Release|Any CPU.ActiveCfg = Release|Any CPU
		{EC8B8720-B611-4E69-848E-6E0E6D55BE03}.Release|Any CPU.Build.0 = Release|Any CPU
	EndGlobalSection
	GlobalSection(SolutionProperties) = preSolution
		HideSolutionNode = FALSE
	EndGlobalSection
	GlobalSection(ExtensibilityGlobals) = postSolution
		SolutionGuid = {FF90A6E8-FAA4-4F1A-89AF-B5E2361F8D74}
	EndGlobalSection
EndGlobal
