
Microsoft Visual Studio Solution File, Format Version 12.00
# Visual Studio Version 16
VisualStudioVersion = 16.0.29709.97
MinimumVisualStudioVersion = 10.0.40219.1
Project("{FAE04EC0-301F-11D3-BF4B-00C04F79EFBC}") = "PassingDataToEventHandler", "PassingDataToEventHandler\PassingDataToEventHandler.csproj", "{C0F0BC57-6026-48F3-A247-91D4F812D45C}"
EndProject
Global
	GlobalSection(SolutionConfigurationPlatforms) = preSolution
		Debug|Any CPU = Debug|Any CPU
		Release|Any CPU = Release|Any CPU
	EndGlobalSection
	GlobalSection(ProjectConfigurationPlatforms) = postSolution
		{C0F0BC57-6026-48F3-A247-91D4F812D45C}.Debug|Any CPU.ActiveCfg = Debug|Any CPU
		{C0F0BC57-6026-48F3-A247-91D4F812D45C}.Debug|Any CPU.Build.0 = Debug|Any CPU
		{C0F0BC57-6026-48F3-A247-91D4F812D45C}.Release|Any CPU.ActiveCfg = Release|Any CPU
		{C0F0BC57-6026-48F3-A247-91D4F812D45C}.Release|Any CPU.Build.0 = Release|Any CPU
	EndGlobalSection
	GlobalSection(SolutionProperties) = preSolution
		HideSolutionNode = FALSE
	EndGlobalSection
	GlobalSection(ExtensibilityGlobals) = postSolution
		SolutionGuid = {6EA19344-C653-48AE-8EE8-DAC5EF61FA83}
	EndGlobalSection
EndGlobal
