
Microsoft Visual Studio Solution File, Format Version 12.00
# Visual Studio Version 16
VisualStudioVersion = 16.0.29709.97
MinimumVisualStudioVersion = 10.0.40219.1
Project("{FAE04EC0-301F-11D3-BF4B-00C04F79EFBC}") = "AddOrRemoveClass", "AddOrRemoveClass\AddOrRemoveClass.csproj", "{0909E0F0-9ED3-4126-A7BB-A1A8714F82CB}"
EndProject
Global
	GlobalSection(SolutionConfigurationPlatforms) = preSolution
		Debug|Any CPU = Debug|Any CPU
		Release|Any CPU = Release|Any CPU
	EndGlobalSection
	GlobalSection(ProjectConfigurationPlatforms) = postSolution
		{0909E0F0-9ED3-4126-A7BB-A1A8714F82CB}.Debug|Any CPU.ActiveCfg = Debug|Any CPU
		{0909E0F0-9ED3-4126-A7BB-A1A8714F82CB}.Debug|Any CPU.Build.0 = Debug|Any CPU
		{0909E0F0-9ED3-4126-A7BB-A1A8714F82CB}.Release|Any CPU.ActiveCfg = Release|Any CPU
		{0909E0F0-9ED3-4126-A7BB-A1A8714F82CB}.Release|Any CPU.Build.0 = Release|Any CPU
	EndGlobalSection
	GlobalSection(SolutionProperties) = preSolution
		HideSolutionNode = FALSE
	EndGlobalSection
	GlobalSection(ExtensibilityGlobals) = postSolution
		SolutionGuid = {59B1ACB7-88F9-4BA9-9D37-01050F8F26D8}
	EndGlobalSection
EndGlobal
