
Microsoft Visual Studio Solution File, Format Version 12.00
# Visual Studio Version 16
VisualStudioVersion = 16.0.29709.97
MinimumVisualStudioVersion = 10.0.40219.1
Project("{FAE04EC0-301F-11D3-BF4B-00C04F79EFBC}") = "AnimateFunction", "AnimateFunction\AnimateFunction.csproj", "{E87975E5-7617-411F-9347-18BF40082941}"
EndProject
Global
	GlobalSection(SolutionConfigurationPlatforms) = preSolution
		Debug|Any CPU = Debug|Any CPU
		Release|Any CPU = Release|Any CPU
	EndGlobalSection
	GlobalSection(ProjectConfigurationPlatforms) = postSolution
		{E87975E5-7617-411F-9347-18BF40082941}.Debug|Any CPU.ActiveCfg = Debug|Any CPU
		{E87975E5-7617-411F-9347-18BF40082941}.Debug|Any CPU.Build.0 = Debug|Any CPU
		{E87975E5-7617-411F-9347-18BF40082941}.Release|Any CPU.ActiveCfg = Release|Any CPU
		{E87975E5-7617-411F-9347-18BF40082941}.Release|Any CPU.Build.0 = Release|Any CPU
	EndGlobalSection
	GlobalSection(SolutionProperties) = preSolution
		HideSolutionNode = FALSE
	EndGlobalSection
	GlobalSection(ExtensibilityGlobals) = postSolution
		SolutionGuid = {BFE1B79A-23E3-4DBB-B52E-032B1802ECF0}
	EndGlobalSection
EndGlobal
