
Microsoft Visual Studio Solution File, Format Version 12.00
# Visual Studio Version 16
VisualStudioVersion = 16.0.29709.97
MinimumVisualStudioVersion = 10.0.40219.1
Project("{FAE04EC0-301F-11D3-BF4B-00C04F79EFBC}") = "MethodChaining", "MethodChaining\MethodChaining.csproj", "{D218AC74-F0DA-47C9-9CD4-F95699DCF8FE}"
EndProject
Global
	GlobalSection(SolutionConfigurationPlatforms) = preSolution
		Debug|Any CPU = Debug|Any CPU
		Release|Any CPU = Release|Any CPU
	EndGlobalSection
	GlobalSection(ProjectConfigurationPlatforms) = postSolution
		{D218AC74-F0DA-47C9-9CD4-F95699DCF8FE}.Debug|Any CPU.ActiveCfg = Debug|Any CPU
		{D218AC74-F0DA-47C9-9CD4-F95699DCF8FE}.Debug|Any CPU.Build.0 = Debug|Any CPU
		{D218AC74-F0DA-47C9-9CD4-F95699DCF8FE}.Release|Any CPU.ActiveCfg = Release|Any CPU
		{D218AC74-F0DA-47C9-9CD4-F95699DCF8FE}.Release|Any CPU.Build.0 = Release|Any CPU
	EndGlobalSection
	GlobalSection(SolutionProperties) = preSolution
		HideSolutionNode = FALSE
	EndGlobalSection
	GlobalSection(ExtensibilityGlobals) = postSolution
		SolutionGuid = {C96A71C0-EED9-4082-B6F2-DD41B631F7E2}
	EndGlobalSection
EndGlobal
