
Microsoft Visual Studio Solution File, Format Version 12.00
# Visual Studio Version 16
VisualStudioVersion = 16.0.29709.97
MinimumVisualStudioVersion = 10.0.40219.1
Project("{FAE04EC0-301F-11D3-BF4B-00C04F79EFBC}") = "HowToCheckIfEventIsAlreadyBound", "HowToCheckIfEventIsAlreadyBound\HowToCheckIfEventIsAlreadyBound.csproj", "{AEDB95FB-D4F8-4E18-AF19-A7472EC22AD4}"
EndProject
Global
	GlobalSection(SolutionConfigurationPlatforms) = preSolution
		Debug|Any CPU = Debug|Any CPU
		Release|Any CPU = Release|Any CPU
	EndGlobalSection
	GlobalSection(ProjectConfigurationPlatforms) = postSolution
		{AEDB95FB-D4F8-4E18-AF19-A7472EC22AD4}.Debug|Any CPU.ActiveCfg = Debug|Any CPU
		{AEDB95FB-D4F8-4E18-AF19-A7472EC22AD4}.Debug|Any CPU.Build.0 = Debug|Any CPU
		{AEDB95FB-D4F8-4E18-AF19-A7472EC22AD4}.Release|Any CPU.ActiveCfg = Release|Any CPU
		{AEDB95FB-D4F8-4E18-AF19-A7472EC22AD4}.Release|Any CPU.Build.0 = Release|Any CPU
	EndGlobalSection
	GlobalSection(SolutionProperties) = preSolution
		HideSolutionNode = FALSE
	EndGlobalSection
	GlobalSection(ExtensibilityGlobals) = postSolution
		SolutionGuid = {C87F20D1-9A72-4630-A082-3CA87A967053}
	EndGlobalSection
EndGlobal
