
Microsoft Visual Studio Solution File, Format Version 12.00
# Visual Studio Version 16
VisualStudioVersion = 16.0.29709.97
MinimumVisualStudioVersion = 10.0.40219.1
Project("{FAE04EC0-301F-11D3-BF4B-00C04F79EFBC}") = "ScrollEvent", "ScrollEvent\ScrollEvent.csproj", "{C8E99F15-C232-4053-A82C-81706844C5B4}"
EndProject
Global
	GlobalSection(SolutionConfigurationPlatforms) = preSolution
		Debug|Any CPU = Debug|Any CPU
		Release|Any CPU = Release|Any CPU
	EndGlobalSection
	GlobalSection(ProjectConfigurationPlatforms) = postSolution
		{C8E99F15-C232-4053-A82C-81706844C5B4}.Debug|Any CPU.ActiveCfg = Debug|Any CPU
		{C8E99F15-C232-4053-A82C-81706844C5B4}.Debug|Any CPU.Build.0 = Debug|Any CPU
		{C8E99F15-C232-4053-A82C-81706844C5B4}.Release|Any CPU.ActiveCfg = Release|Any CPU
		{C8E99F15-C232-4053-A82C-81706844C5B4}.Release|Any CPU.Build.0 = Release|Any CPU
	EndGlobalSection
	GlobalSection(SolutionProperties) = preSolution
		HideSolutionNode = FALSE
	EndGlobalSection
	GlobalSection(ExtensibilityGlobals) = postSolution
		SolutionGuid = {4571DD7F-5962-491B-A3C9-B3103605D855}
	EndGlobalSection
EndGlobal
