
Microsoft Visual Studio Solution File, Format Version 12.00
# Visual Studio Version 16
VisualStudioVersion = 16.0.29709.97
MinimumVisualStudioVersion = 10.0.40219.1
Project("{FAE04EC0-301F-11D3-BF4B-00C04F79EFBC}") = "InsertElementBeforeAndAfter", "InsertElementBeforeAndAfter\InsertElementBeforeAndAfter.csproj", "{4C20C9C1-D764-40C1-99EB-614EDC736C41}"
EndProject
Global
	GlobalSection(SolutionConfigurationPlatforms) = preSolution
		Debug|Any CPU = Debug|Any CPU
		Release|Any CPU = Release|Any CPU
	EndGlobalSection
	GlobalSection(ProjectConfigurationPlatforms) = postSolution
		{4C20C9C1-D764-40C1-99EB-614EDC736C41}.Debug|Any CPU.ActiveCfg = Debug|Any CPU
		{4C20C9C1-D764-40C1-99EB-614EDC736C41}.Debug|Any CPU.Build.0 = Debug|Any CPU
		{4C20C9C1-D764-40C1-99EB-614EDC736C41}.Release|Any CPU.ActiveCfg = Release|Any CPU
		{4C20C9C1-D764-40C1-99EB-614EDC736C41}.Release|Any CPU.Build.0 = Release|Any CPU
	EndGlobalSection
	GlobalSection(SolutionProperties) = preSolution
		HideSolutionNode = FALSE
	EndGlobalSection
	GlobalSection(ExtensibilityGlobals) = postSolution
		SolutionGuid = {99CFACA4-6A30-4F3F-85D3-6C8219033B20}
	EndGlobalSection
EndGlobal
